
Microsoft Visual Studio Solution File, Format Version 12.00
# Visual Studio 15
VisualStudioVersion = 15.0.26730.16
MinimumVisualStudioVersion = 10.0.40219.1
Project("{FAE04EC0-301F-11D3-BF4B-00C04F79EFBC}") = "Client", "Client\Client.csproj", "{E9271141-C99C-4475-B2CF-72BA06E54821}"
EndProject
Project("{FAE04EC0-301F-11D3-BF4B-00C04F79EFBC}") = "Client.Tests", "Client.Tests\Client.Tests.csproj", "{AF82FA89-E06A-4193-87C1-0DBC993E14ED}"
EndProject
Global
	GlobalSection(SolutionConfigurationPlatforms) = preSolution
		Debug|Any CPU = Debug|Any CPU
		Release|Any CPU = Release|Any CPU
	EndGlobalSection
	GlobalSection(ProjectConfigurationPlatforms) = postSolution
		{E9271141-C99C-4475-B2CF-72BA06E54821}.Debug|Any CPU.ActiveCfg = Debug|Any CPU
		{E9271141-C99C-4475-B2CF-72BA06E54821}.Debug|Any CPU.Build.0 = Debug|Any CPU
		{E9271141-C99C-4475-B2CF-72BA06E54821}.Release|Any CPU.ActiveCfg = Release|Any CPU
		{E9271141-C99C-4475-B2CF-72BA06E54821}.Release|Any CPU.Build.0 = Release|Any CPU
		{AF82FA89-E06A-4193-87C1-0DBC993E14ED}.Debug|Any CPU.ActiveCfg = Debug|Any CPU
		{AF82FA89-E06A-4193-87C1-0DBC993E14ED}.Debug|Any CPU.Build.0 = Debug|Any CPU
		{AF82FA89-E06A-4193-87C1-0DBC993E14ED}.Release|Any CPU.ActiveCfg = Release|Any CPU
		{AF82FA89-E06A-4193-87C1-0DBC993E14ED}.Release|Any CPU.Build.0 = Release|Any CPU
	EndGlobalSection
	GlobalSection(SolutionProperties) = preSolution
		HideSolutionNode = FALSE
	EndGlobalSection
	GlobalSection(ExtensibilityGlobals) = postSolution
		SolutionGuid = {A4EBC87F-E961-4EAC-B6C2-95AC1F24D26C}
	EndGlobalSection
EndGlobal
